
Microsoft Visual Studio Solution File, Format Version 12.00
# Visual Studio Version 17
VisualStudioVersion = 17.2.32516.85
MinimumVisualStudioVersion = 10.0.40219.1
Project("{2150E333-8FDC-42A3-9474-1A3956D46DE8}") = "Product", "Product", "{023254AC-E30E-4767-9EF1-1B338F5AFBF6}"
EndProject
Project("{2150E333-8FDC-42A3-9474-1A3956D46DE8}") = "Customer", "Customer", "{45B5A364-0DD4-4D58-9709-DCBA5BCFC213}"
EndProject
Project("{9A19103F-16F7-4668-BE54-9A1E7A4F7556}") = "Product.API", "Product\Product.API\Product.API.csproj", "{AC73136C-DA81-452F-9452-44FCF83DF43F}"
EndProject
Project("{9A19103F-16F7-4668-BE54-9A1E7A4F7556}") = "Customer.API", "Customer\Customer.API\Customer.API.csproj", "{EB648071-0857-4C09-8ED0-FCE9B7601DBC}"
EndProject
Project("{9A19103F-16F7-4668-BE54-9A1E7A4F7556}") = "Contracts", "Product\Contracts\Contracts.csproj", "{0B195E18-7919-4A68-81BF-CC486F8682C1}"
EndProject
Project("{9A19103F-16F7-4668-BE54-9A1E7A4F7556}") = "Contracts", "Customer\Contracts\Contracts.csproj", "{5DE92811-409D-4754-ACA0-92949A228483}"
EndProject
Project("{9A19103F-16F7-4668-BE54-9A1E7A4F7556}") = "LoggerService", "Product\LoggerService\LoggerService.csproj", "{5D6D9D0B-881C-4660-9ABA-1B08790CB0FE}"
EndProject
Project("{9A19103F-16F7-4668-BE54-9A1E7A4F7556}") = "LoggerService", "Customer\LoggerService\LoggerService.csproj", "{5C15D5B6-C05D-47A9-A9BF-4E352D15C1DF}"
EndProject
Project("{2150E333-8FDC-42A3-9474-1A3956D46DE8}") = "Services", "Services", "{BAC8205A-EA18-4D6B-84A9-9D19C3A525DB}"
EndProject
Project("{9A19103F-16F7-4668-BE54-9A1E7A4F7556}") = "Entities", "Product\Entities\Entities.csproj", "{D1BBDFE6-6869-4217-ABAE-77031D458566}"
EndProject
Project("{9A19103F-16F7-4668-BE54-9A1E7A4F7556}") = "Repository", "Product\Repository\Repository.csproj", "{FCF8F0F6-E9F1-4755-B864-7A89AB82DA7E}"
EndProject
Project("{9A19103F-16F7-4668-BE54-9A1E7A4F7556}") = "Services", "Product\Services\Services.csproj", "{213F2AB7-B224-4CF0-AB98-7A99B8D470ED}"
EndProject
Project("{9A19103F-16F7-4668-BE54-9A1E7A4F7556}") = "Services.Contracts", "Product\Services.Contracts\Services.Contracts.csproj", "{F25484E5-0619-4C7B-BCF9-260DCFE85F4D}"
EndProject
Project("{9A19103F-16F7-4668-BE54-9A1E7A4F7556}") = "Presentation", "Product\Presentation\Presentation.csproj", "{BD5DBF4D-AEC7-4130-9D63-86375BA5BBF7}"
EndProject
Project("{9A19103F-16F7-4668-BE54-9A1E7A4F7556}") = "Shared", "Product\Shared\Shared.csproj", "{B8979C7C-FB35-46D6-8A24-FDA65AB32354}"
EndProject
Project("{9A19103F-16F7-4668-BE54-9A1E7A4F7556}") = "Entities", "Customer\Entities\Entities.csproj", "{400F2061-7512-4BBE-A267-276ABAE662D5}"
EndProject
Project("{9A19103F-16F7-4668-BE54-9A1E7A4F7556}") = "Repository", "Customer\Repository\Repository.csproj", "{F1C884BD-EBB4-4302-BFCC-2798CDCD5874}"
EndProject
Project("{9A19103F-16F7-4668-BE54-9A1E7A4F7556}") = "Services.Contracts", "Customer\Services.Contracts\Services.Contracts.csproj", "{9BD0F96B-E1CB-4173-B673-7B88EE9837D6}"
EndProject
Project("{9A19103F-16F7-4668-BE54-9A1E7A4F7556}") = "Services", "Customer\Services\Services.csproj", "{9105D748-883E-4296-82E9-1A778F47FA6C}"
EndProject
Project("{9A19103F-16F7-4668-BE54-9A1E7A4F7556}") = "Presentation", "Customer\Presentation\Presentation.csproj", "{D8153733-41E5-42B2-9E8A-51395F35896D}"
EndProject
Project("{2150E333-8FDC-42A3-9474-1A3956D46DE8}") = "Cart", "Cart", "{43C8F4B6-4B01-4105-9AFB-0832E9112CC7}"
EndProject
Project("{2150E333-8FDC-42A3-9474-1A3956D46DE8}") = "Discount", "Discount", "{FA54BDB8-B961-48EB-8CBB-B58422578AB6}"
EndProject
Project("{2150E333-8FDC-42A3-9474-1A3956D46DE8}") = "Ordering", "Ordering", "{4324E592-5DCB-4BB6-A249-888D6EBD2C73}"
EndProject
Project("{9A19103F-16F7-4668-BE54-9A1E7A4F7556}") = "Contracts", "Cart\Contracts\Contracts.csproj", "{40CF57A3-F783-4C7E-AD18-6301DCAFB778}"
EndProject
Project("{9A19103F-16F7-4668-BE54-9A1E7A4F7556}") = "Entities", "Cart\Entities\Entities.csproj", "{4B2D46BE-F2CA-4851-9C90-2D9DE97E2856}"
EndProject
Project("{9A19103F-16F7-4668-BE54-9A1E7A4F7556}") = "LoggerService", "Cart\LoggerService\LoggerService.csproj", "{7B31A3C1-0F8B-488A-8F15-22A58E8F4804}"
EndProject
Project("{9A19103F-16F7-4668-BE54-9A1E7A4F7556}") = "Presentation", "Cart\Presentation\Presentation.csproj", "{E89752FF-6677-4A6A-B414-E56307A39BA5}"
EndProject
Project("{9A19103F-16F7-4668-BE54-9A1E7A4F7556}") = "Repository", "Cart\Repository\Repository.csproj", "{6F3F36FE-446C-4128-96EA-DE50E61997B0}"
EndProject
Project("{9A19103F-16F7-4668-BE54-9A1E7A4F7556}") = "Cart.API", "Cart\Cart.API\Cart.API.csproj", "{C0F1087E-571F-4AAE-8BE0-F101D8F4DCD9}"
EndProject
Project("{9A19103F-16F7-4668-BE54-9A1E7A4F7556}") = "Entities", "Ordering\Entities\Entities.csproj", "{EED42906-6EF5-41B8-AC1F-45892BA24043}"
EndProject
Project("{9A19103F-16F7-4668-BE54-9A1E7A4F7556}") = "Services", "Cart\Services\Services.csproj", "{4F6CF6C2-4059-425B-9A66-4A7FC6EF9BFA}"
EndProject
Project("{9A19103F-16F7-4668-BE54-9A1E7A4F7556}") = "Services.Contracts", "Cart\Services.Contracts\Services.Contracts.csproj", "{943EDD0B-FB6E-420A-9593-223D29810D8D}"
EndProject
Project("{9A19103F-16F7-4668-BE54-9A1E7A4F7556}") = "Repository", "Ordering\Repository\Repository.csproj", "{73BFEA48-EE0F-4013-8A2D-F6846FA8C38C}"
EndProject
Project("{9A19103F-16F7-4668-BE54-9A1E7A4F7556}") = "Ordering.API", "Ordering\Ordering.API\Ordering.API.csproj", "{55595441-1CC6-4181-8F69-65D6DEF6FB76}"
EndProject
Project("{9A19103F-16F7-4668-BE54-9A1E7A4F7556}") = "Contracts", "Ordering\Contracts\Contracts.csproj", "{2EAB7926-FC2F-4E3B-8746-43F9E7C12E0D}"
EndProject
Project("{E53339B2-1760-4266-BCC7-CA923CBCF16C}") = "docker-compose", "docker-compose.dcproj", "{6131D887-9DBC-4B4C-A420-B61BAE214375}"
EndProject
Project("{2150E333-8FDC-42A3-9474-1A3956D46DE8}") = "Communication", "Communication", "{00B58208-26A8-4DEA-8015-C69F479EAD48}"
EndProject
Project("{FAE04EC0-301F-11D3-BF4B-00C04F79EFBC}") = "EventBus.Messages", "Communication\EventBus.Messages\EventBus.Messages.csproj", "{7DBA617F-D244-4714-937E-4C0E849A4837}"
EndProject
Project("{FAE04EC0-301F-11D3-BF4B-00C04F79EFBC}") = "LoggerService", "Discount\LoggerService\LoggerService.csproj", "{33D4FA38-9159-4536-B11F-766682D45E70}"
EndProject
Global
	GlobalSection(SolutionConfigurationPlatforms) = preSolution
		Debug|Any CPU = Debug|Any CPU
		Release|Any CPU = Release|Any CPU
	EndGlobalSection
	GlobalSection(ProjectConfigurationPlatforms) = postSolution
		{AC73136C-DA81-452F-9452-44FCF83DF43F}.Debug|Any CPU.ActiveCfg = Debug|Any CPU
		{AC73136C-DA81-452F-9452-44FCF83DF43F}.Debug|Any CPU.Build.0 = Debug|Any CPU
		{AC73136C-DA81-452F-9452-44FCF83DF43F}.Release|Any CPU.ActiveCfg = Release|Any CPU
		{AC73136C-DA81-452F-9452-44FCF83DF43F}.Release|Any CPU.Build.0 = Release|Any CPU
		{EB648071-0857-4C09-8ED0-FCE9B7601DBC}.Debug|Any CPU.ActiveCfg = Debug|Any CPU
		{EB648071-0857-4C09-8ED0-FCE9B7601DBC}.Debug|Any CPU.Build.0 = Debug|Any CPU
		{EB648071-0857-4C09-8ED0-FCE9B7601DBC}.Release|Any CPU.ActiveCfg = Release|Any CPU
		{EB648071-0857-4C09-8ED0-FCE9B7601DBC}.Release|Any CPU.Build.0 = Release|Any CPU
		{0B195E18-7919-4A68-81BF-CC486F8682C1}.Debug|Any CPU.ActiveCfg = Debug|Any CPU
		{0B195E18-7919-4A68-81BF-CC486F8682C1}.Debug|Any CPU.Build.0 = Debug|Any CPU
		{0B195E18-7919-4A68-81BF-CC486F8682C1}.Release|Any CPU.ActiveCfg = Release|Any CPU
		{0B195E18-7919-4A68-81BF-CC486F8682C1}.Release|Any CPU.Build.0 = Release|Any CPU
		{5DE92811-409D-4754-ACA0-92949A228483}.Debug|Any CPU.ActiveCfg = Debug|Any CPU
		{5DE92811-409D-4754-ACA0-92949A228483}.Debug|Any CPU.Build.0 = Debug|Any CPU
		{5DE92811-409D-4754-ACA0-92949A228483}.Release|Any CPU.ActiveCfg = Release|Any CPU
		{5DE92811-409D-4754-ACA0-92949A228483}.Release|Any CPU.Build.0 = Release|Any CPU
		{5D6D9D0B-881C-4660-9ABA-1B08790CB0FE}.Debug|Any CPU.ActiveCfg = Debug|Any CPU
		{5D6D9D0B-881C-4660-9ABA-1B08790CB0FE}.Debug|Any CPU.Build.0 = Debug|Any CPU
		{5D6D9D0B-881C-4660-9ABA-1B08790CB0FE}.Release|Any CPU.ActiveCfg = Release|Any CPU
		{5D6D9D0B-881C-4660-9ABA-1B08790CB0FE}.Release|Any CPU.Build.0 = Release|Any CPU
		{5C15D5B6-C05D-47A9-A9BF-4E352D15C1DF}.Debug|Any CPU.ActiveCfg = Debug|Any CPU
		{5C15D5B6-C05D-47A9-A9BF-4E352D15C1DF}.Debug|Any CPU.Build.0 = Debug|Any CPU
		{5C15D5B6-C05D-47A9-A9BF-4E352D15C1DF}.Release|Any CPU.ActiveCfg = Release|Any CPU
		{5C15D5B6-C05D-47A9-A9BF-4E352D15C1DF}.Release|Any CPU.Build.0 = Release|Any CPU
		{D1BBDFE6-6869-4217-ABAE-77031D458566}.Debug|Any CPU.ActiveCfg = Debug|Any CPU
		{D1BBDFE6-6869-4217-ABAE-77031D458566}.Debug|Any CPU.Build.0 = Debug|Any CPU
		{D1BBDFE6-6869-4217-ABAE-77031D458566}.Release|Any CPU.ActiveCfg = Release|Any CPU
		{D1BBDFE6-6869-4217-ABAE-77031D458566}.Release|Any CPU.Build.0 = Release|Any CPU
		{FCF8F0F6-E9F1-4755-B864-7A89AB82DA7E}.Debug|Any CPU.ActiveCfg = Debug|Any CPU
		{FCF8F0F6-E9F1-4755-B864-7A89AB82DA7E}.Debug|Any CPU.Build.0 = Debug|Any CPU
		{FCF8F0F6-E9F1-4755-B864-7A89AB82DA7E}.Release|Any CPU.ActiveCfg = Release|Any CPU
		{FCF8F0F6-E9F1-4755-B864-7A89AB82DA7E}.Release|Any CPU.Build.0 = Release|Any CPU
		{213F2AB7-B224-4CF0-AB98-7A99B8D470ED}.Debug|Any CPU.ActiveCfg = Debug|Any CPU
		{213F2AB7-B224-4CF0-AB98-7A99B8D470ED}.Debug|Any CPU.Build.0 = Debug|Any CPU
		{213F2AB7-B224-4CF0-AB98-7A99B8D470ED}.Release|Any CPU.ActiveCfg = Release|Any CPU
		{213F2AB7-B224-4CF0-AB98-7A99B8D470ED}.Release|Any CPU.Build.0 = Release|Any CPU
		{F25484E5-0619-4C7B-BCF9-260DCFE85F4D}.Debug|Any CPU.ActiveCfg = Debug|Any CPU
		{F25484E5-0619-4C7B-BCF9-260DCFE85F4D}.Debug|Any CPU.Build.0 = Debug|Any CPU
		{F25484E5-0619-4C7B-BCF9-260DCFE85F4D}.Release|Any CPU.ActiveCfg = Release|Any CPU
		{F25484E5-0619-4C7B-BCF9-260DCFE85F4D}.Release|Any CPU.Build.0 = Release|Any CPU
		{BD5DBF4D-AEC7-4130-9D63-86375BA5BBF7}.Debug|Any CPU.ActiveCfg = Debug|Any CPU
		{BD5DBF4D-AEC7-4130-9D63-86375BA5BBF7}.Debug|Any CPU.Build.0 = Debug|Any CPU
		{BD5DBF4D-AEC7-4130-9D63-86375BA5BBF7}.Release|Any CPU.ActiveCfg = Release|Any CPU
		{BD5DBF4D-AEC7-4130-9D63-86375BA5BBF7}.Release|Any CPU.Build.0 = Release|Any CPU
		{B8979C7C-FB35-46D6-8A24-FDA65AB32354}.Debug|Any CPU.ActiveCfg = Debug|Any CPU
		{B8979C7C-FB35-46D6-8A24-FDA65AB32354}.Debug|Any CPU.Build.0 = Debug|Any CPU
		{B8979C7C-FB35-46D6-8A24-FDA65AB32354}.Release|Any CPU.ActiveCfg = Release|Any CPU
		{B8979C7C-FB35-46D6-8A24-FDA65AB32354}.Release|Any CPU.Build.0 = Release|Any CPU
		{400F2061-7512-4BBE-A267-276ABAE662D5}.Debug|Any CPU.ActiveCfg = Debug|Any CPU
		{400F2061-7512-4BBE-A267-276ABAE662D5}.Debug|Any CPU.Build.0 = Debug|Any CPU
		{400F2061-7512-4BBE-A267-276ABAE662D5}.Release|Any CPU.ActiveCfg = Release|Any CPU
		{400F2061-7512-4BBE-A267-276ABAE662D5}.Release|Any CPU.Build.0 = Release|Any CPU
		{F1C884BD-EBB4-4302-BFCC-2798CDCD5874}.Debug|Any CPU.ActiveCfg = Debug|Any CPU
		{F1C884BD-EBB4-4302-BFCC-2798CDCD5874}.Debug|Any CPU.Build.0 = Debug|Any CPU
		{F1C884BD-EBB4-4302-BFCC-2798CDCD5874}.Release|Any CPU.ActiveCfg = Release|Any CPU
		{F1C884BD-EBB4-4302-BFCC-2798CDCD5874}.Release|Any CPU.Build.0 = Release|Any CPU
		{9BD0F96B-E1CB-4173-B673-7B88EE9837D6}.Debug|Any CPU.ActiveCfg = Debug|Any CPU
		{9BD0F96B-E1CB-4173-B673-7B88EE9837D6}.Debug|Any CPU.Build.0 = Debug|Any CPU
		{9BD0F96B-E1CB-4173-B673-7B88EE9837D6}.Release|Any CPU.ActiveCfg = Release|Any CPU
		{9BD0F96B-E1CB-4173-B673-7B88EE9837D6}.Release|Any CPU.Build.0 = Release|Any CPU
		{9105D748-883E-4296-82E9-1A778F47FA6C}.Debug|Any CPU.ActiveCfg = Debug|Any CPU
		{9105D748-883E-4296-82E9-1A778F47FA6C}.Debug|Any CPU.Build.0 = Debug|Any CPU
		{9105D748-883E-4296-82E9-1A778F47FA6C}.Release|Any CPU.ActiveCfg = Release|Any CPU
		{9105D748-883E-4296-82E9-1A778F47FA6C}.Release|Any CPU.Build.0 = Release|Any CPU
		{D8153733-41E5-42B2-9E8A-51395F35896D}.Debug|Any CPU.ActiveCfg = Debug|Any CPU
		{D8153733-41E5-42B2-9E8A-51395F35896D}.Debug|Any CPU.Build.0 = Debug|Any CPU
		{D8153733-41E5-42B2-9E8A-51395F35896D}.Release|Any CPU.ActiveCfg = Release|Any CPU
		{D8153733-41E5-42B2-9E8A-51395F35896D}.Release|Any CPU.Build.0 = Release|Any CPU
		{40CF57A3-F783-4C7E-AD18-6301DCAFB778}.Debug|Any CPU.ActiveCfg = Debug|Any CPU
		{40CF57A3-F783-4C7E-AD18-6301DCAFB778}.Debug|Any CPU.Build.0 = Debug|Any CPU
		{40CF57A3-F783-4C7E-AD18-6301DCAFB778}.Release|Any CPU.ActiveCfg = Release|Any CPU
		{40CF57A3-F783-4C7E-AD18-6301DCAFB778}.Release|Any CPU.Build.0 = Release|Any CPU
		{4B2D46BE-F2CA-4851-9C90-2D9DE97E2856}.Debug|Any CPU.ActiveCfg = Debug|Any CPU
		{4B2D46BE-F2CA-4851-9C90-2D9DE97E2856}.Debug|Any CPU.Build.0 = Debug|Any CPU
		{4B2D46BE-F2CA-4851-9C90-2D9DE97E2856}.Release|Any CPU.ActiveCfg = Release|Any CPU
		{4B2D46BE-F2CA-4851-9C90-2D9DE97E2856}.Release|Any CPU.Build.0 = Release|Any CPU
		{7B31A3C1-0F8B-488A-8F15-22A58E8F4804}.Debug|Any CPU.ActiveCfg = Debug|Any CPU
		{7B31A3C1-0F8B-488A-8F15-22A58E8F4804}.Debug|Any CPU.Build.0 = Debug|Any CPU
		{7B31A3C1-0F8B-488A-8F15-22A58E8F4804}.Release|Any CPU.ActiveCfg = Release|Any CPU
		{7B31A3C1-0F8B-488A-8F15-22A58E8F4804}.Release|Any CPU.Build.0 = Release|Any CPU
		{E89752FF-6677-4A6A-B414-E56307A39BA5}.Debug|Any CPU.ActiveCfg = Debug|Any CPU
		{E89752FF-6677-4A6A-B414-E56307A39BA5}.Debug|Any CPU.Build.0 = Debug|Any CPU
		{E89752FF-6677-4A6A-B414-E56307A39BA5}.Release|Any CPU.ActiveCfg = Release|Any CPU
		{E89752FF-6677-4A6A-B414-E56307A39BA5}.Release|Any CPU.Build.0 = Release|Any CPU
		{6F3F36FE-446C-4128-96EA-DE50E61997B0}.Debug|Any CPU.ActiveCfg = Debug|Any CPU
		{6F3F36FE-446C-4128-96EA-DE50E61997B0}.Debug|Any CPU.Build.0 = Debug|Any CPU
		{6F3F36FE-446C-4128-96EA-DE50E61997B0}.Release|Any CPU.ActiveCfg = Release|Any CPU
		{6F3F36FE-446C-4128-96EA-DE50E61997B0}.Release|Any CPU.Build.0 = Release|Any CPU
		{C0F1087E-571F-4AAE-8BE0-F101D8F4DCD9}.Debug|Any CPU.ActiveCfg = Debug|Any CPU
		{C0F1087E-571F-4AAE-8BE0-F101D8F4DCD9}.Debug|Any CPU.Build.0 = Debug|Any CPU
		{C0F1087E-571F-4AAE-8BE0-F101D8F4DCD9}.Release|Any CPU.ActiveCfg = Release|Any CPU
		{C0F1087E-571F-4AAE-8BE0-F101D8F4DCD9}.Release|Any CPU.Build.0 = Release|Any CPU
		{EED42906-6EF5-41B8-AC1F-45892BA24043}.Debug|Any CPU.ActiveCfg = Debug|Any CPU
		{EED42906-6EF5-41B8-AC1F-45892BA24043}.Debug|Any CPU.Build.0 = Debug|Any CPU
		{EED42906-6EF5-41B8-AC1F-45892BA24043}.Release|Any CPU.ActiveCfg = Release|Any CPU
		{EED42906-6EF5-41B8-AC1F-45892BA24043}.Release|Any CPU.Build.0 = Release|Any CPU
		{4F6CF6C2-4059-425B-9A66-4A7FC6EF9BFA}.Debug|Any CPU.ActiveCfg = Debug|Any CPU
		{4F6CF6C2-4059-425B-9A66-4A7FC6EF9BFA}.Debug|Any CPU.Build.0 = Debug|Any CPU
		{4F6CF6C2-4059-425B-9A66-4A7FC6EF9BFA}.Release|Any CPU.ActiveCfg = Release|Any CPU
		{4F6CF6C2-4059-425B-9A66-4A7FC6EF9BFA}.Release|Any CPU.Build.0 = Release|Any CPU
		{943EDD0B-FB6E-420A-9593-223D29810D8D}.Debug|Any CPU.ActiveCfg = Debug|Any CPU
		{943EDD0B-FB6E-420A-9593-223D29810D8D}.Debug|Any CPU.Build.0 = Debug|Any CPU
		{943EDD0B-FB6E-420A-9593-223D29810D8D}.Release|Any CPU.ActiveCfg = Release|Any CPU
		{943EDD0B-FB6E-420A-9593-223D29810D8D}.Release|Any CPU.Build.0 = Release|Any CPU
		{73BFEA48-EE0F-4013-8A2D-F6846FA8C38C}.Debug|Any CPU.ActiveCfg = Debug|Any CPU
		{73BFEA48-EE0F-4013-8A2D-F6846FA8C38C}.Debug|Any CPU.Build.0 = Debug|Any CPU
		{73BFEA48-EE0F-4013-8A2D-F6846FA8C38C}.Release|Any CPU.ActiveCfg = Release|Any CPU
		{73BFEA48-EE0F-4013-8A2D-F6846FA8C38C}.Release|Any CPU.Build.0 = Release|Any CPU
		{55595441-1CC6-4181-8F69-65D6DEF6FB76}.Debug|Any CPU.ActiveCfg = Debug|Any CPU
		{55595441-1CC6-4181-8F69-65D6DEF6FB76}.Debug|Any CPU.Build.0 = Debug|Any CPU
		{55595441-1CC6-4181-8F69-65D6DEF6FB76}.Release|Any CPU.ActiveCfg = Release|Any CPU
		{55595441-1CC6-4181-8F69-65D6DEF6FB76}.Release|Any CPU.Build.0 = Release|Any CPU
		{2EAB7926-FC2F-4E3B-8746-43F9E7C12E0D}.Debug|Any CPU.ActiveCfg = Debug|Any CPU
		{2EAB7926-FC2F-4E3B-8746-43F9E7C12E0D}.Debug|Any CPU.Build.0 = Debug|Any CPU
		{2EAB7926-FC2F-4E3B-8746-43F9E7C12E0D}.Release|Any CPU.ActiveCfg = Release|Any CPU
		{2EAB7926-FC2F-4E3B-8746-43F9E7C12E0D}.Release|Any CPU.Build.0 = Release|Any CPU
		{6131D887-9DBC-4B4C-A420-B61BAE214375}.Debug|Any CPU.ActiveCfg = Debug|Any CPU
		{6131D887-9DBC-4B4C-A420-B61BAE214375}.Debug|Any CPU.Build.0 = Debug|Any CPU
		{6131D887-9DBC-4B4C-A420-B61BAE214375}.Release|Any CPU.ActiveCfg = Release|Any CPU
		{6131D887-9DBC-4B4C-A420-B61BAE214375}.Release|Any CPU.Build.0 = Release|Any CPU
		{7DBA617F-D244-4714-937E-4C0E849A4837}.Debug|Any CPU.ActiveCfg = Debug|Any CPU
		{7DBA617F-D244-4714-937E-4C0E849A4837}.Debug|Any CPU.Build.0 = Debug|Any CPU
		{7DBA617F-D244-4714-937E-4C0E849A4837}.Release|Any CPU.ActiveCfg = Release|Any CPU
		{7DBA617F-D244-4714-937E-4C0E849A4837}.Release|Any CPU.Build.0 = Release|Any CPU
		{33D4FA38-9159-4536-B11F-766682D45E70}.Debug|Any CPU.ActiveCfg = Debug|Any CPU
		{33D4FA38-9159-4536-B11F-766682D45E70}.Debug|Any CPU.Build.0 = Debug|Any CPU
		{33D4FA38-9159-4536-B11F-766682D45E70}.Release|Any CPU.ActiveCfg = Release|Any CPU
		{33D4FA38-9159-4536-B11F-766682D45E70}.Release|Any CPU.Build.0 = Release|Any CPU
	EndGlobalSection
	GlobalSection(SolutionProperties) = preSolution
		HideSolutionNode = FALSE
	EndGlobalSection
	GlobalSection(NestedProjects) = preSolution
		{023254AC-E30E-4767-9EF1-1B338F5AFBF6} = {BAC8205A-EA18-4D6B-84A9-9D19C3A525DB}
		{45B5A364-0DD4-4D58-9709-DCBA5BCFC213} = {BAC8205A-EA18-4D6B-84A9-9D19C3A525DB}
		{AC73136C-DA81-452F-9452-44FCF83DF43F} = {023254AC-E30E-4767-9EF1-1B338F5AFBF6}
		{EB648071-0857-4C09-8ED0-FCE9B7601DBC} = {45B5A364-0DD4-4D58-9709-DCBA5BCFC213}
		{0B195E18-7919-4A68-81BF-CC486F8682C1} = {023254AC-E30E-4767-9EF1-1B338F5AFBF6}
		{5DE92811-409D-4754-ACA0-92949A228483} = {45B5A364-0DD4-4D58-9709-DCBA5BCFC213}
		{5D6D9D0B-881C-4660-9ABA-1B08790CB0FE} = {023254AC-E30E-4767-9EF1-1B338F5AFBF6}
		{5C15D5B6-C05D-47A9-A9BF-4E352D15C1DF} = {45B5A364-0DD4-4D58-9709-DCBA5BCFC213}
		{D1BBDFE6-6869-4217-ABAE-77031D458566} = {023254AC-E30E-4767-9EF1-1B338F5AFBF6}
		{FCF8F0F6-E9F1-4755-B864-7A89AB82DA7E} = {023254AC-E30E-4767-9EF1-1B338F5AFBF6}
		{213F2AB7-B224-4CF0-AB98-7A99B8D470ED} = {023254AC-E30E-4767-9EF1-1B338F5AFBF6}
		{F25484E5-0619-4C7B-BCF9-260DCFE85F4D} = {023254AC-E30E-4767-9EF1-1B338F5AFBF6}
		{BD5DBF4D-AEC7-4130-9D63-86375BA5BBF7} = {023254AC-E30E-4767-9EF1-1B338F5AFBF6}
		{B8979C7C-FB35-46D6-8A24-FDA65AB32354} = {023254AC-E30E-4767-9EF1-1B338F5AFBF6}
		{400F2061-7512-4BBE-A267-276ABAE662D5} = {45B5A364-0DD4-4D58-9709-DCBA5BCFC213}
		{F1C884BD-EBB4-4302-BFCC-2798CDCD5874} = {45B5A364-0DD4-4D58-9709-DCBA5BCFC213}
		{9BD0F96B-E1CB-4173-B673-7B88EE9837D6} = {45B5A364-0DD4-4D58-9709-DCBA5BCFC213}
		{9105D748-883E-4296-82E9-1A778F47FA6C} = {45B5A364-0DD4-4D58-9709-DCBA5BCFC213}
		{D8153733-41E5-42B2-9E8A-51395F35896D} = {45B5A364-0DD4-4D58-9709-DCBA5BCFC213}
		{43C8F4B6-4B01-4105-9AFB-0832E9112CC7} = {BAC8205A-EA18-4D6B-84A9-9D19C3A525DB}
		{FA54BDB8-B961-48EB-8CBB-B58422578AB6} = {BAC8205A-EA18-4D6B-84A9-9D19C3A525DB}
		{4324E592-5DCB-4BB6-A249-888D6EBD2C73} = {BAC8205A-EA18-4D6B-84A9-9D19C3A525DB}
		{40CF57A3-F783-4C7E-AD18-6301DCAFB778} = {43C8F4B6-4B01-4105-9AFB-0832E9112CC7}
		{4B2D46BE-F2CA-4851-9C90-2D9DE97E2856} = {43C8F4B6-4B01-4105-9AFB-0832E9112CC7}
		{7B31A3C1-0F8B-488A-8F15-22A58E8F4804} = {43C8F4B6-4B01-4105-9AFB-0832E9112CC7}
		{E89752FF-6677-4A6A-B414-E56307A39BA5} = {43C8F4B6-4B01-4105-9AFB-0832E9112CC7}
		{6F3F36FE-446C-4128-96EA-DE50E61997B0} = {43C8F4B6-4B01-4105-9AFB-0832E9112CC7}
		{C0F1087E-571F-4AAE-8BE0-F101D8F4DCD9} = {43C8F4B6-4B01-4105-9AFB-0832E9112CC7}
		{EED42906-6EF5-41B8-AC1F-45892BA24043} = {4324E592-5DCB-4BB6-A249-888D6EBD2C73}
		{4F6CF6C2-4059-425B-9A66-4A7FC6EF9BFA} = {43C8F4B6-4B01-4105-9AFB-0832E9112CC7}
		{943EDD0B-FB6E-420A-9593-223D29810D8D} = {43C8F4B6-4B01-4105-9AFB-0832E9112CC7}
		{73BFEA48-EE0F-4013-8A2D-F6846FA8C38C} = {4324E592-5DCB-4BB6-A249-888D6EBD2C73}
		{55595441-1CC6-4181-8F69-65D6DEF6FB76} = {4324E592-5DCB-4BB6-A249-888D6EBD2C73}
		{2EAB7926-FC2F-4E3B-8746-43F9E7C12E0D} = {4324E592-5DCB-4BB6-A249-888D6EBD2C73}
		{7DBA617F-D244-4714-937E-4C0E849A4837} = {00B58208-26A8-4DEA-8015-C69F479EAD48}
		{33D4FA38-9159-4536-B11F-766682D45E70} = {FA54BDB8-B961-48EB-8CBB-B58422578AB6}
	EndGlobalSection
	GlobalSection(ExtensibilityGlobals) = postSolution
		SolutionGuid = {C1AE7779-00ED-470B-86BC-6DC477F883C8}
	EndGlobalSection
EndGlobal
