
Microsoft Visual Studio Solution File, Format Version 12.00
# Visual Studio Version 17
VisualStudioVersion = 17.2.32516.85
MinimumVisualStudioVersion = 10.0.40219.1
Project("{2150E333-8FDC-42A3-9474-1A3956D46DE8}") = "Product", "Product", "{023254AC-E30E-4767-9EF1-1B338F5AFBF6}"
EndProject
Project("{2150E333-8FDC-42A3-9474-1A3956D46DE8}") = "Customer", "Customer", "{45B5A364-0DD4-4D58-9709-DCBA5BCFC213}"
EndProject
Project("{9A19103F-16F7-4668-BE54-9A1E7A4F7556}") = "Product.API", "Product\Product.API\Product.API.csproj", "{AC73136C-DA81-452F-9452-44FCF83DF43F}"
EndProject
Project("{9A19103F-16F7-4668-BE54-9A1E7A4F7556}") = "Customer.API", "Customer\Customer.API\Customer.API.csproj", "{EB648071-0857-4C09-8ED0-FCE9B7601DBC}"
EndProject
Project("{9A19103F-16F7-4668-BE54-9A1E7A4F7556}") = "Contracts", "Product\Contracts\Contracts.csproj", "{0B195E18-7919-4A68-81BF-CC486F8682C1}"
EndProject
Project("{9A19103F-16F7-4668-BE54-9A1E7A4F7556}") = "Contracts", "Customer\Contracts\Contracts.csproj", "{5DE92811-409D-4754-ACA0-92949A228483}"
EndProject
Project("{9A19103F-16F7-4668-BE54-9A1E7A4F7556}") = "LoggerService", "Product\LoggerService\LoggerService.csproj", "{5D6D9D0B-881C-4660-9ABA-1B08790CB0FE}"
EndProject
Project("{9A19103F-16F7-4668-BE54-9A1E7A4F7556}") = "LoggerService", "Customer\LoggerService\LoggerService.csproj", "{5C15D5B6-C05D-47A9-A9BF-4E352D15C1DF}"
EndProject
Project("{2150E333-8FDC-42A3-9474-1A3956D46DE8}") = "Services", "Services", "{BAC8205A-EA18-4D6B-84A9-9D19C3A525DB}"
EndProject
Global
	GlobalSection(SolutionConfigurationPlatforms) = preSolution
		Debug|Any CPU = Debug|Any CPU
		Release|Any CPU = Release|Any CPU
	EndGlobalSection
	GlobalSection(ProjectConfigurationPlatforms) = postSolution
		{AC73136C-DA81-452F-9452-44FCF83DF43F}.Debug|Any CPU.ActiveCfg = Debug|Any CPU
		{AC73136C-DA81-452F-9452-44FCF83DF43F}.Debug|Any CPU.Build.0 = Debug|Any CPU
		{AC73136C-DA81-452F-9452-44FCF83DF43F}.Release|Any CPU.ActiveCfg = Release|Any CPU
		{AC73136C-DA81-452F-9452-44FCF83DF43F}.Release|Any CPU.Build.0 = Release|Any CPU
		{EB648071-0857-4C09-8ED0-FCE9B7601DBC}.Debug|Any CPU.ActiveCfg = Debug|Any CPU
		{EB648071-0857-4C09-8ED0-FCE9B7601DBC}.Debug|Any CPU.Build.0 = Debug|Any CPU
		{EB648071-0857-4C09-8ED0-FCE9B7601DBC}.Release|Any CPU.ActiveCfg = Release|Any CPU
		{EB648071-0857-4C09-8ED0-FCE9B7601DBC}.Release|Any CPU.Build.0 = Release|Any CPU
		{0B195E18-7919-4A68-81BF-CC486F8682C1}.Debug|Any CPU.ActiveCfg = Debug|Any CPU
		{0B195E18-7919-4A68-81BF-CC486F8682C1}.Debug|Any CPU.Build.0 = Debug|Any CPU
		{0B195E18-7919-4A68-81BF-CC486F8682C1}.Release|Any CPU.ActiveCfg = Release|Any CPU
		{0B195E18-7919-4A68-81BF-CC486F8682C1}.Release|Any CPU.Build.0 = Release|Any CPU
		{5DE92811-409D-4754-ACA0-92949A228483}.Debug|Any CPU.ActiveCfg = Debug|Any CPU
		{5DE92811-409D-4754-ACA0-92949A228483}.Debug|Any CPU.Build.0 = Debug|Any CPU
		{5DE92811-409D-4754-ACA0-92949A228483}.Release|Any CPU.ActiveCfg = Release|Any CPU
		{5DE92811-409D-4754-ACA0-92949A228483}.Release|Any CPU.Build.0 = Release|Any CPU
		{5D6D9D0B-881C-4660-9ABA-1B08790CB0FE}.Debug|Any CPU.ActiveCfg = Debug|Any CPU
		{5D6D9D0B-881C-4660-9ABA-1B08790CB0FE}.Debug|Any CPU.Build.0 = Debug|Any CPU
		{5D6D9D0B-881C-4660-9ABA-1B08790CB0FE}.Release|Any CPU.ActiveCfg = Release|Any CPU
		{5D6D9D0B-881C-4660-9ABA-1B08790CB0FE}.Release|Any CPU.Build.0 = Release|Any CPU
		{5C15D5B6-C05D-47A9-A9BF-4E352D15C1DF}.Debug|Any CPU.ActiveCfg = Debug|Any CPU
		{5C15D5B6-C05D-47A9-A9BF-4E352D15C1DF}.Debug|Any CPU.Build.0 = Debug|Any CPU
		{5C15D5B6-C05D-47A9-A9BF-4E352D15C1DF}.Release|Any CPU.ActiveCfg = Release|Any CPU
		{5C15D5B6-C05D-47A9-A9BF-4E352D15C1DF}.Release|Any CPU.Build.0 = Release|Any CPU
	EndGlobalSection
	GlobalSection(SolutionProperties) = preSolution
		HideSolutionNode = FALSE
	EndGlobalSection
	GlobalSection(NestedProjects) = preSolution
		{023254AC-E30E-4767-9EF1-1B338F5AFBF6} = {BAC8205A-EA18-4D6B-84A9-9D19C3A525DB}
		{45B5A364-0DD4-4D58-9709-DCBA5BCFC213} = {BAC8205A-EA18-4D6B-84A9-9D19C3A525DB}
		{AC73136C-DA81-452F-9452-44FCF83DF43F} = {023254AC-E30E-4767-9EF1-1B338F5AFBF6}
		{EB648071-0857-4C09-8ED0-FCE9B7601DBC} = {45B5A364-0DD4-4D58-9709-DCBA5BCFC213}
		{0B195E18-7919-4A68-81BF-CC486F8682C1} = {023254AC-E30E-4767-9EF1-1B338F5AFBF6}
		{5DE92811-409D-4754-ACA0-92949A228483} = {45B5A364-0DD4-4D58-9709-DCBA5BCFC213}
		{5D6D9D0B-881C-4660-9ABA-1B08790CB0FE} = {023254AC-E30E-4767-9EF1-1B338F5AFBF6}
		{5C15D5B6-C05D-47A9-A9BF-4E352D15C1DF} = {45B5A364-0DD4-4D58-9709-DCBA5BCFC213}
	EndGlobalSection
	GlobalSection(ExtensibilityGlobals) = postSolution
		SolutionGuid = {C1AE7779-00ED-470B-86BC-6DC477F883C8}
	EndGlobalSection
EndGlobal
